
Microsoft Visual Studio Solution File, Format Version 12.00
# Visual Studio Version 17
VisualStudioVersion = 17.13.35931.197
MinimumVisualStudioVersion = 10.0.40219.1
Project("{FAE04EC0-301F-11D3-BF4B-00C04F79EFBC}") = "Elnajjar.CQRS", "Elnajjar.CQRS\Elnajjar.CQRS.csproj", "{63DFEB08-CED6-4991-9B09-043107439104}"
EndProject
Global
	GlobalSection(SolutionConfigurationPlatforms) = preSolution
		Debug|Any CPU = Debug|Any CPU
		Release|Any CPU = Release|Any CPU
	EndGlobalSection
	GlobalSection(ProjectConfigurationPlatforms) = postSolution
		{63DFEB08-CED6-4991-9B09-043107439104}.Debug|Any CPU.ActiveCfg = Debug|Any CPU
		{63DFEB08-CED6-4991-9B09-043107439104}.Debug|Any CPU.Build.0 = Debug|Any CPU
		{63DFEB08-CED6-4991-9B09-043107439104}.Release|Any CPU.ActiveCfg = Release|Any CPU
		{63DFEB08-CED6-4991-9B09-043107439104}.Release|Any CPU.Build.0 = Release|Any CPU
	EndGlobalSection
	GlobalSection(SolutionProperties) = preSolution
		HideSolutionNode = FALSE
	EndGlobalSection
	GlobalSection(ExtensibilityGlobals) = postSolution
		SolutionGuid = {B2FC59E6-F18C-4134-B389-F14B2F0BFDB0}
	EndGlobalSection
EndGlobal
